
Microsoft Visual Studio Solution File, Format Version 12.00
# Visual Studio Version 16
VisualStudioVersion = 16.0.30011.22
MinimumVisualStudioVersion = 10.0.40219.1
Project("{FAE04EC0-301F-11D3-BF4B-00C04F79EFBC}") = "PlanningDES", "PlanningDES\PlanningDES.csproj", "{6B1D75C6-9BF9-40DE-ABB6-7383DB48A2E8}"
EndProject
Global
	GlobalSection(SolutionConfigurationPlatforms) = preSolution
		Debug|Any CPU = Debug|Any CPU
		Release|Any CPU = Release|Any CPU
	EndGlobalSection
	GlobalSection(ProjectConfigurationPlatforms) = postSolution
		{6B1D75C6-9BF9-40DE-ABB6-7383DB48A2E8}.Debug|Any CPU.ActiveCfg = Debug|Any CPU
		{6B1D75C6-9BF9-40DE-ABB6-7383DB48A2E8}.Debug|Any CPU.Build.0 = Debug|Any CPU
		{6B1D75C6-9BF9-40DE-ABB6-7383DB48A2E8}.Release|Any CPU.ActiveCfg = Release|Any CPU
		{6B1D75C6-9BF9-40DE-ABB6-7383DB48A2E8}.Release|Any CPU.Build.0 = Release|Any CPU
	EndGlobalSection
	GlobalSection(SolutionProperties) = preSolution
		HideSolutionNode = FALSE
	EndGlobalSection
	GlobalSection(ExtensibilityGlobals) = postSolution
		SolutionGuid = {C4B7C5B0-91EF-447F-BC7E-B8C60B6EA402}
	EndGlobalSection
EndGlobal
